
Microsoft Visual Studio Solution File, Format Version 12.00
# Visual Studio Version 17
VisualStudioVersion = 17.0.31903.59
MinimumVisualStudioVersion = 10.0.40219.1
Project("{2150E333-8FDC-42A3-9474-1A3956D46DE8}") = "src", "src", "{02EA681E-C7D8-13C7-8484-4AC65E1B71E8}"
EndProject
Project("{2150E333-8FDC-42A3-9474-1A3956D46DE8}") = "backend", "backend", "{0D81BE4E-CF19-45A9-9989-0CBD2E6010AA}"
EndProject
Project("{2150E333-8FDC-42A3-9474-1A3956D46DE8}") = "presentation", "presentation", "{74FE67DA-21EF-4830-9A72-E44370C85FB9}"
EndProject
Project("{FAE04EC0-301F-11D3-BF4B-00C04F79EFBC}") = "Vendora.Domain", "src\backend\Vendora.Domain\Vendora.Domain.csproj", "{5A1FCF7D-252B-4092-BF9E-E4FF610FAA2E}"
EndProject
Project("{FAE04EC0-301F-11D3-BF4B-00C04F79EFBC}") = "Vendora.Infrastructure", "src\backend\Vendora.Infrastructure\Vendora.Infrastructure.csproj", "{B608A0BC-CDB7-49C3-B29E-B66EC49B4E28}"
EndProject
Project("{FAE04EC0-301F-11D3-BF4B-00C04F79EFBC}") = "Vendora.Application", "src\backend\Vendora.Application\Vendora.Application.csproj", "{F10FEB11-0F17-4C40-968E-1803B5E2F818}"
EndProject
Project("{FAE04EC0-301F-11D3-BF4B-00C04F79EFBC}") = "Vendora.WebAPI", "src\backend\Vendora.WebAPI\Vendora.WebAPI.csproj", "{B9DE46D5-FD7C-480B-85B4-76817ED5AE9E}"
EndProject
Project("{FAE04EC0-301F-11D3-BF4B-00C04F79EFBC}") = "Vendora.WPF", "src\presentation\Vendora.WPF\Vendora.WPF.csproj", "{28517D1E-C831-4497-A3EA-61AA04EB30CC}"
EndProject
Project("{FAE04EC0-301F-11D3-BF4B-00C04F79EFBC}") = "ApiServices", "src\presentation\ApiServices\ApiServices.csproj", "{ABD9DFAA-F11A-4938-97B2-C370ECE9283C}"
EndProject
Global
	GlobalSection(SolutionConfigurationPlatforms) = preSolution
		Debug|Any CPU = Debug|Any CPU
		Release|Any CPU = Release|Any CPU
	EndGlobalSection
	GlobalSection(ProjectConfigurationPlatforms) = postSolution
		{5A1FCF7D-252B-4092-BF9E-E4FF610FAA2E}.Debug|Any CPU.ActiveCfg = Debug|Any CPU
		{5A1FCF7D-252B-4092-BF9E-E4FF610FAA2E}.Debug|Any CPU.Build.0 = Debug|Any CPU
		{5A1FCF7D-252B-4092-BF9E-E4FF610FAA2E}.Release|Any CPU.ActiveCfg = Release|Any CPU
		{5A1FCF7D-252B-4092-BF9E-E4FF610FAA2E}.Release|Any CPU.Build.0 = Release|Any CPU
		{B608A0BC-CDB7-49C3-B29E-B66EC49B4E28}.Debug|Any CPU.ActiveCfg = Debug|Any CPU
		{B608A0BC-CDB7-49C3-B29E-B66EC49B4E28}.Debug|Any CPU.Build.0 = Debug|Any CPU
		{B608A0BC-CDB7-49C3-B29E-B66EC49B4E28}.Release|Any CPU.ActiveCfg = Release|Any CPU
		{B608A0BC-CDB7-49C3-B29E-B66EC49B4E28}.Release|Any CPU.Build.0 = Release|Any CPU
		{F10FEB11-0F17-4C40-968E-1803B5E2F818}.Debug|Any CPU.ActiveCfg = Debug|Any CPU
		{F10FEB11-0F17-4C40-968E-1803B5E2F818}.Debug|Any CPU.Build.0 = Debug|Any CPU
		{F10FEB11-0F17-4C40-968E-1803B5E2F818}.Release|Any CPU.ActiveCfg = Release|Any CPU
		{F10FEB11-0F17-4C40-968E-1803B5E2F818}.Release|Any CPU.Build.0 = Release|Any CPU
		{B9DE46D5-FD7C-480B-85B4-76817ED5AE9E}.Debug|Any CPU.ActiveCfg = Debug|Any CPU
		{B9DE46D5-FD7C-480B-85B4-76817ED5AE9E}.Debug|Any CPU.Build.0 = Debug|Any CPU
		{B9DE46D5-FD7C-480B-85B4-76817ED5AE9E}.Release|Any CPU.ActiveCfg = Release|Any CPU
		{B9DE46D5-FD7C-480B-85B4-76817ED5AE9E}.Release|Any CPU.Build.0 = Release|Any CPU
		{28517D1E-C831-4497-A3EA-61AA04EB30CC}.Debug|Any CPU.ActiveCfg = Debug|Any CPU
		{28517D1E-C831-4497-A3EA-61AA04EB30CC}.Debug|Any CPU.Build.0 = Debug|Any CPU
		{28517D1E-C831-4497-A3EA-61AA04EB30CC}.Release|Any CPU.ActiveCfg = Release|Any CPU
		{28517D1E-C831-4497-A3EA-61AA04EB30CC}.Release|Any CPU.Build.0 = Release|Any CPU
		{ABD9DFAA-F11A-4938-97B2-C370ECE9283C}.Debug|Any CPU.ActiveCfg = Debug|Any CPU
		{ABD9DFAA-F11A-4938-97B2-C370ECE9283C}.Debug|Any CPU.Build.0 = Debug|Any CPU
		{ABD9DFAA-F11A-4938-97B2-C370ECE9283C}.Release|Any CPU.ActiveCfg = Release|Any CPU
		{ABD9DFAA-F11A-4938-97B2-C370ECE9283C}.Release|Any CPU.Build.0 = Release|Any CPU
	EndGlobalSection
	GlobalSection(SolutionProperties) = preSolution
		HideSolutionNode = FALSE
	EndGlobalSection
	GlobalSection(NestedProjects) = preSolution
		{0D81BE4E-CF19-45A9-9989-0CBD2E6010AA} = {02EA681E-C7D8-13C7-8484-4AC65E1B71E8}
		{74FE67DA-21EF-4830-9A72-E44370C85FB9} = {02EA681E-C7D8-13C7-8484-4AC65E1B71E8}
		{5A1FCF7D-252B-4092-BF9E-E4FF610FAA2E} = {0D81BE4E-CF19-45A9-9989-0CBD2E6010AA}
		{B608A0BC-CDB7-49C3-B29E-B66EC49B4E28} = {0D81BE4E-CF19-45A9-9989-0CBD2E6010AA}
		{F10FEB11-0F17-4C40-968E-1803B5E2F818} = {0D81BE4E-CF19-45A9-9989-0CBD2E6010AA}
		{B9DE46D5-FD7C-480B-85B4-76817ED5AE9E} = {0D81BE4E-CF19-45A9-9989-0CBD2E6010AA}
		{28517D1E-C831-4497-A3EA-61AA04EB30CC} = {74FE67DA-21EF-4830-9A72-E44370C85FB9}
		{ABD9DFAA-F11A-4938-97B2-C370ECE9283C} = {74FE67DA-21EF-4830-9A72-E44370C85FB9}
	EndGlobalSection
	GlobalSection(ExtensibilityGlobals) = postSolution
		SolutionGuid = {18E8BD05-8ED3-4B49-8CA2-D69B913E5427}
	EndGlobalSection
EndGlobal
